
Microsoft Visual Studio Solution File, Format Version 12.00
# Visual Studio Version 17
VisualStudioVersion = 17.11.35312.102
MinimumVisualStudioVersion = 10.0.40219.1
Project("{9A19103F-16F7-4668-BE54-9A1E7A4F7556}") = "InternalExamScrutinySystem.Api", "InternalExamScrutinySystem.Api.csproj", "{CB1CD7EB-10CD-431C-BBBE-00451327896F}"
EndProject
Global
	GlobalSection(SolutionConfigurationPlatforms) = preSolution
		Debug|Any CPU = Debug|Any CPU
		Release|Any CPU = Release|Any CPU
	EndGlobalSection
	GlobalSection(ProjectConfigurationPlatforms) = postSolution
		{CB1CD7EB-10CD-431C-BBBE-00451327896F}.Debug|Any CPU.ActiveCfg = Debug|Any CPU
		{CB1CD7EB-10CD-431C-BBBE-00451327896F}.Debug|Any CPU.Build.0 = Debug|Any CPU
		{CB1CD7EB-10CD-431C-BBBE-00451327896F}.Release|Any CPU.ActiveCfg = Release|Any CPU
		{CB1CD7EB-10CD-431C-BBBE-00451327896F}.Release|Any CPU.Build.0 = Release|Any CPU
	EndGlobalSection
	GlobalSection(SolutionProperties) = preSolution
		HideSolutionNode = FALSE
	EndGlobalSection
	GlobalSection(ExtensibilityGlobals) = postSolution
		SolutionGuid = {0793BEE7-47C9-4A38-B187-C5361C245170}
	EndGlobalSection
EndGlobal
